
Microsoft Visual Studio Solution File, Format Version 12.00
# Visual Studio 15
Project("{FAE04EC0-301F-11D3-BF4B-00C04F79EFBC}") = "Scripts", "Scripts.csproj", "{2F21E095-B51F-A254-E6AC-405F62D94070}"
EndProject
Project("{FAE04EC0-301F-11D3-BF4B-00C04F79EFBC}") = "EditMode", "EditMode.csproj", "{C597844B-43E7-DB6F-5777-52FE9E0A49DF}"
EndProject
Global
	GlobalSection(SolutionConfigurationPlatforms) = preSolution
		Debug|Any CPU = Debug|Any CPU
		Release|Any CPU = Release|Any CPU
	EndGlobalSection
	GlobalSection(ProjectConfigurationPlatforms) = postSolution
		{2F21E095-B51F-A254-E6AC-405F62D94070}.Debug|Any CPU.ActiveCfg = Debug|Any CPU
		{2F21E095-B51F-A254-E6AC-405F62D94070}.Debug|Any CPU.Build.0 = Debug|Any CPU
		{2F21E095-B51F-A254-E6AC-405F62D94070}.Release|Any CPU.ActiveCfg = Release|Any CPU
		{2F21E095-B51F-A254-E6AC-405F62D94070}.Release|Any CPU.Build.0 = Release|Any CPU
		{C597844B-43E7-DB6F-5777-52FE9E0A49DF}.Debug|Any CPU.ActiveCfg = Debug|Any CPU
		{C597844B-43E7-DB6F-5777-52FE9E0A49DF}.Debug|Any CPU.Build.0 = Debug|Any CPU
		{C597844B-43E7-DB6F-5777-52FE9E0A49DF}.Release|Any CPU.ActiveCfg = Release|Any CPU
		{C597844B-43E7-DB6F-5777-52FE9E0A49DF}.Release|Any CPU.Build.0 = Release|Any CPU
	EndGlobalSection
	GlobalSection(SolutionProperties) = preSolution
		HideSolutionNode = FALSE
	EndGlobalSection
EndGlobal
